
Microsoft Visual Studio Solution File, Format Version 12.00
# Visual Studio Version 17
VisualStudioVersion = 17.9.34622.214
MinimumVisualStudioVersion = 10.0.40219.1
Project("{FAE04EC0-301F-11D3-BF4B-00C04F79EFBC}") = "MunicpalServicesApp", "MunicpalServicesApp\MunicpalServicesApp.csproj", "{352C9125-05BB-4329-A76B-A67EC35C2E7E}"
EndProject
Global
	GlobalSection(SolutionConfigurationPlatforms) = preSolution
		Debug|Any CPU = Debug|Any CPU
		Release|Any CPU = Release|Any CPU
	EndGlobalSection
	GlobalSection(ProjectConfigurationPlatforms) = postSolution
		{352C9125-05BB-4329-A76B-A67EC35C2E7E}.Debug|Any CPU.ActiveCfg = Debug|Any CPU
		{352C9125-05BB-4329-A76B-A67EC35C2E7E}.Debug|Any CPU.Build.0 = Debug|Any CPU
		{352C9125-05BB-4329-A76B-A67EC35C2E7E}.Release|Any CPU.ActiveCfg = Release|Any CPU
		{352C9125-05BB-4329-A76B-A67EC35C2E7E}.Release|Any CPU.Build.0 = Release|Any CPU
	EndGlobalSection
	GlobalSection(SolutionProperties) = preSolution
		HideSolutionNode = FALSE
	EndGlobalSection
	GlobalSection(ExtensibilityGlobals) = postSolution
		SolutionGuid = {937510AD-FACA-45E5-85BE-6CADC400F473}
	EndGlobalSection
EndGlobal
